
Microsoft Visual Studio Solution File, Format Version 12.00
# Visual Studio 2013
VisualStudioVersion = 12.0.31101.0
MinimumVisualStudioVersion = 10.0.40219.1
Project("{FAE04EC0-301F-11D3-BF4B-00C04F79EFBC}") = "hitch", "hitch\hitch.csproj", "{84EAB1CD-1F12-457B-B083-94D834015A7B}"
EndProject
Project("{FAE04EC0-301F-11D3-BF4B-00C04F79EFBC}") = "hitch.data", "hitch.data\hitch.data.csproj", "{71B441F9-7C4D-4B09-9D3E-EDFC3949EB79}"
EndProject
Global
	GlobalSection(SolutionConfigurationPlatforms) = preSolution
		Debug|Any CPU = Debug|Any CPU
		Release|Any CPU = Release|Any CPU
	EndGlobalSection
	GlobalSection(ProjectConfigurationPlatforms) = postSolution
		{84EAB1CD-1F12-457B-B083-94D834015A7B}.Debug|Any CPU.ActiveCfg = Debug|Any CPU
		{84EAB1CD-1F12-457B-B083-94D834015A7B}.Debug|Any CPU.Build.0 = Debug|Any CPU
		{84EAB1CD-1F12-457B-B083-94D834015A7B}.Release|Any CPU.ActiveCfg = Release|Any CPU
		{84EAB1CD-1F12-457B-B083-94D834015A7B}.Release|Any CPU.Build.0 = Release|Any CPU
		{71B441F9-7C4D-4B09-9D3E-EDFC3949EB79}.Debug|Any CPU.ActiveCfg = Debug|Any CPU
		{71B441F9-7C4D-4B09-9D3E-EDFC3949EB79}.Debug|Any CPU.Build.0 = Debug|Any CPU
		{71B441F9-7C4D-4B09-9D3E-EDFC3949EB79}.Release|Any CPU.ActiveCfg = Release|Any CPU
		{71B441F9-7C4D-4B09-9D3E-EDFC3949EB79}.Release|Any CPU.Build.0 = Release|Any CPU
	EndGlobalSection
	GlobalSection(SolutionProperties) = preSolution
		HideSolutionNode = FALSE
	EndGlobalSection
EndGlobal
